PODS:
  - HandyJSON (5.0.0-beta.1)
  - RxCocoa (4.5.0):
    - RxSwift (>= 4.4.2, ~> 4.4)
  - RxSwift (4.5.0)
  - SnapKit (4.2.0)
  - Toaster (2.2.0)
  - UMCAnalytics (6.0.3):
    - UMCCommon
  - UMCCommon (2.0.1)
  - UMCSecurityPlugins (1.0.6)

DEPENDENCIES:
  - HandyJSON (~> 5.0.0-beta.1)
  - RxCocoa
  - RxSwift
  - SnapKit
  - Toaster
  - UMCAnalytics
  - UMCCommon
  - UMCSecurityPlugins

SPEC REPOS:
  https://github.com/cocoapods/specs.git:
    - HandyJSON
    - RxCocoa
    - RxSwift
    - SnapKit
    - Toaster
    - UMCAnalytics
    - UMCCommon
    - UMCSecurityPlugins

SPEC CHECKSUMS:
  HandyJSON: 582477127ab3ab65bd2e471815f1a7b846856978
  RxCocoa: cbf70265dc65a981d4ac982e513c10cf23df24a0
  RxSwift: f172070dfd1a93d70a9ab97a5a01166206e1c575
  SnapKit: fe8a619752f3f27075cc9a90244d75c6c3f27e2a
  Toaster: c1a81b376edcc2470157b4d1ee1e9341d3b96455
  UMCAnalytics: ff58714ada407682c4a07548156f94bcec92f055
  UMCCommon: 0263a057a2e1ae1da4c8308541e56904a493ce13
  UMCSecurityPlugins: 0831a08f3988f3cea9f1d3a7626cd9bee4fef150

PODFILE CHECKSUM: 16cac02bd665e46ddc60799857f99d49b0586c3c

COCOAPODS: 1.5.3
